
Microsoft Visual Studio Solution File, Format Version 12.00
# Visual Studio Version 17
VisualStudioVersion = 17.0.31903.59
MinimumVisualStudioVersion = 10.0.40219.1
Project("{FAE04EC0-301F-11D3-BF4B-00C04F79EFBC}") = "Adas.Api", "Adas.Api\Adas.Api.csproj", "{137EDC37-DBD3-4392-B75B-D0AEB9AA1263}"
EndProject
Project("{FAE04EC0-301F-11D3-BF4B-00C04F79EFBC}") = "Adas.Web", "Adas.Web\Adas.Web.csproj", "{57D2F26D-B4B8-4D5E-B372-84B9B9F3E487}"
EndProject
Project("{FAE04EC0-301F-11D3-BF4B-00C04F79EFBC}") = "Adas.Api.Tests", "Adas.Api.Tests\Adas.Api.Tests.csproj", "{437A7692-D7B0-4C07-897B-58C4A5D82951}"
EndProject
Global
	GlobalSection(SolutionConfigurationPlatforms) = preSolution
		Debug|Any CPU = Debug|Any CPU
		Release|Any CPU = Release|Any CPU
	EndGlobalSection
	GlobalSection(SolutionProperties) = preSolution
		HideSolutionNode = FALSE
	EndGlobalSection
	GlobalSection(ProjectConfigurationPlatforms) = postSolution
		{137EDC37-DBD3-4392-B75B-D0AEB9AA1263}.Debug|Any CPU.ActiveCfg = Debug|Any CPU
		{137EDC37-DBD3-4392-B75B-D0AEB9AA1263}.Debug|Any CPU.Build.0 = Debug|Any CPU
		{137EDC37-DBD3-4392-B75B-D0AEB9AA1263}.Release|Any CPU.ActiveCfg = Release|Any CPU
		{137EDC37-DBD3-4392-B75B-D0AEB9AA1263}.Release|Any CPU.Build.0 = Release|Any CPU
		{57D2F26D-B4B8-4D5E-B372-84B9B9F3E487}.Debug|Any CPU.ActiveCfg = Debug|Any CPU
		{57D2F26D-B4B8-4D5E-B372-84B9B9F3E487}.Debug|Any CPU.Build.0 = Debug|Any CPU
		{57D2F26D-B4B8-4D5E-B372-84B9B9F3E487}.Release|Any CPU.ActiveCfg = Release|Any CPU
		{57D2F26D-B4B8-4D5E-B372-84B9B9F3E487}.Release|Any CPU.Build.0 = Release|Any CPU
		{437A7692-D7B0-4C07-897B-58C4A5D82951}.Debug|Any CPU.ActiveCfg = Debug|Any CPU
		{437A7692-D7B0-4C07-897B-58C4A5D82951}.Debug|Any CPU.Build.0 = Debug|Any CPU
		{437A7692-D7B0-4C07-897B-58C4A5D82951}.Release|Any CPU.ActiveCfg = Release|Any CPU
		{437A7692-D7B0-4C07-897B-58C4A5D82951}.Release|Any CPU.Build.0 = Release|Any CPU
	EndGlobalSection
EndGlobal
